commit	04e04efab7a572d7d4ae89d4cb38ee71c06b9142	darshana	https://github.com/MacCracken/darshana.git	0.8.0
commit	2b3714ba4da102e9302b87f741cd27a80b55f70e	mihi	https://github.com/MacCracken/mihi.git	1.1.1
commit	b9af260480c9c8fcb5a958d3d4426fdd166efa5c	ai-hwaccel	https://github.com/MacCracken/ai-hwaccel.git	2.2.6
commit	cfaa5e45fd8a74273e5bb33f26e67e95b566b5f7	agnosys	https://github.com/MacCracken/agnosys.git	1.4.0
d9f3b17ddbbe1bba48917c3a679807b01c39c4a1ce776efdbdfbb7a1680e86e4  lib/tagged.cyr
d7a14f337a9e8c67ac95023cddf58614a21d8aacd2eb1736da798843ccf0deba  lib/syscalls_macos.cyr
d614ae2ff9261256a3e29068e400ac2f0342d3a7e5a4651aa9cef2399bafbbfa  lib/bayan.cyr
90d01355e0fd6e0e621d38d418e9ac1095b1efcf7e94c9b5e7b78603727c2e1b  lib/mmap.cyr
8a3e4378e75eefbf7e6d8d098449dbe909f9b9b80a2a72624adb250eb4335c09  lib/str.cyr
15cfae186336b82046c1786c71befa1050722fedab3d91824c35703aa4bb9b85  lib/alloc_agnos.cyr
e07e2b7c06bd87385daa95b98047979c85e542306b40f590d06d38f36c76fcdf  lib/thread_agnos.cyr
ef04e8a97cb8519ba99fc80aaf8c49e7475f15eb1d924b900e6222ee34c5058f  lib/alloc_macos.cyr
c7b3bf5beebddc082d4fa643a7113deaf26d0fd80dd5cd70ba0e3c21671107d0  lib/fs_win.cyr
27c9752b70e797b43d30204e5077749526144495ba7021b1272067f3236d81f9  lib/args_agnos.cyr
d5877d16113051fb95dae31717efc679c94b17a34667805b56e52a345bc48f8f  lib/freelist.cyr
7f1a9917cea317e400b2ebd1bf819d966e5693deda5c1884897a96135079c4b0  lib/ai-hwaccel.cyr
096eabc580c807f3e378fbe56058780a28cdf95b9c70b44672bca0a71cf969f6  lib/ct.cyr
7b045871f231519e65f28a4b7abfbae6dd8e586ce03053fd367b3a119e8303c9  lib/atomic.cyr
58291642ada12d5df693b28db17609f90cc09e286d509d02dcc0c1e256f8b2ca  lib/agnosys.cyr
ff14f0d7999956754937f612c0aa60719c138f0967a81019cf99e08aae088087  lib/string.cyr
7b619c21305568511f23b1a5787e557a6634cc7e730aa58661eff821b157d197  lib/process.cyr
0d1dc162866327cdea376c2177090cfdfc4779227c15d2da0d04fffc058e738d  lib/alloc.cyr
e1a1fc06a604cf14c5bd2b5d21dec1e459897f3a8dceb03bcc66de6d178c01a2  lib/syscalls_x86_64_linux.cyr
2b6d57f5abaa411292634812382373a60cebbd6bf3ab56f875505997d740d8c4  lib/syscalls_x86_64_agnos.cyr
150bb9efad587ae139d8df81d62c7578c8ab20d3c6964004908929657b597c12  lib/fmt.cyr
4bf30a8d31cc2fe5c1f4d62fed7e5fc9b591bdda568168feabc5f0fcf458f4aa  lib/agnosys-core.cyr
c9e220ca9bcb929cbc682e9b7eed7086b3b5a90474d562b600e137fde85eb7f0  lib/assert.cyr
619f0bce74b6b1ec0acf8ce3ed6839fe0a7c043bf16af6bae4e06f5e492af874  lib/args.cyr
9b189b5ae1a168bfd532a1d8c5db006617d4168918391dc7d2bcf9c25880267c  lib/mihi.cyr
2d4e4d3c902703abe307a598e3368da133daac9dbb7dde208461959d203e3caf  lib/chrono.cyr
861dedc4d9c07fcf1e431551e469890953a1b02e321354585742c1ed281a9fcf  lib/syscalls.cyr
c84a1f596bcf2c7ac5c364bf49f06809834a8dd69ed6ebb03fcb2e4cfbea124a  lib/thread_local.cyr
0230ab283eee5e5da862775815ac68e0eaf97cbf684d960c0158856939c00a9c  lib/alloc_windows.cyr
c882b87d1dc16dbf64a811ff83921869f794eb21a048b302e572d0d168d7ee98  lib/thread_win.cyr
75199ecb8aa173413c97c4a9300b65d738cc40401631d107d14c4188748610a9  lib/thread.cyr
f7b9d52f29de6d3d633962ccc765a76637091a7256eebc1da5547530eed2c44b  lib/args_win.cyr
1a8aa9ac6b49d89da233d478640db9c74c03892d063f9956c1413f39a5803f3d  lib/process_agnos.cyr
9e8581d8155ebf5c5eb5da2bd9e5eb321dd75ce0c6319133f6f74c614d16ef0f  lib/syscalls_aarch64_linux.cyr
8af62caaa9cdd96bca338a5587526a275a0e36dbfc33066febf81498321f9bb1  lib/bench.cyr
19bcb006802c5d158ce1b9e0090a07da7e4d1092236f9850c61ebcbf294021c4  lib/vec.cyr
6a987c9bd5278a0e0895ea8a97ad502db7b59d670537676d42eba22241d168bd  lib/fs.cyr
a3ce9d309b5489d72a376d3afdf153473078c740cdf991cf9e52be6c9ec33559  lib/io.cyr
724cb440922e89ff60c76eba23670eeee53b9d1f3ffdde31ebe2e2f9badda9ed  lib/slice.cyr
9fd6444e8cfcf7950837e955473adc5bab6d7bf4fa2c15f8ce2578360c4100eb  lib/hashmap.cyr
af30844628c715c51cad83addf05c9de4fb12d4b84f97801322448b2df1091b1  lib/fnptr.cyr
a04b539f893feeab60232a35fd54afc546d9828b38ac6e4430c9c83069c73ed2  lib/darshana.cyr
39fe97dbac447954aa0db7846d0236514dc083b3e3aa93b13484dab682f5abc1  lib/syscalls_windows.cyr
96e804b93e6a3abe62ba72fc5fbaeac7c28d56d701eb9515b670681d56ed75c1  lib/syscalls_linux_common.cyr
7965be5a82ff91be4fbf3dae692c6d4cd5465f0ccaab602e5710cc706f8fbbd9  lib/process_win.cyr
d64b87c0794e921dd8a5c199ff9777b7cccca5c109adcc6556b26487251db8ec  lib/args_macos.cyr
55ffe9a910b214a8dd6fcafce5ee1ba5c86ff8e4f7d79f9c32068019bd013c71  lib/result.cyr
