commit	5badca76c8f44c81c1a8d93973281ae7997046bb	darshana	https://github.com/MacCracken/darshana.git	1.0.0
commit	be45b1fa4f53597c634dddd9b6abc48c7a53b408	mihi	https://github.com/MacCracken/mihi.git	1.2.5
commit	156522834d0ceff3fff9c81b716440d1c2a380c0	ai-hwaccel	https://github.com/MacCracken/ai-hwaccel.git	2.3.19
commit	f7acea0bd2a083c1ca5e30939c5b195d1a2b947d	niyama	https://github.com/MacCracken/niyama.git	1.0.7
commit	e75a340c31f6d0b5e94b6cc7508c5b2eb4c821b3	bayan	https://github.com/MacCracken/bayan.git	1.5.4
7240760b1260fa06c53c5a139d1a2086fb439e21ac90e53eacd4bf486ac0e9ca  lib/tagged.cyr
09186af1de956b62bdd9e0717990ffd89c67c8d37bab06039d569b795e4c945c  lib/net.cyr
6c76a1afec2ab1e3a11cc0d308feae34c4be34c5030a059d79c9efaf9e4b5213  lib/syscalls_macos.cyr
569680025a53cf5b4d133c0ecc7aed5bd069b3052399044aef21ec50d2c79bc7  lib/bayan.cyr
072725897707e6cc38c67510f972807c07e04cd8ba69d6881c9648f74055c8a5  lib/mmap.cyr
9f9b69b583151e6cd2f026cfa53629ef89b0e15d8c69d3778851f278a33ffaa2  lib/async_win.cyr
8a3e4378e75eefbf7e6d8d098449dbe909f9b9b80a2a72624adb250eb4335c09  lib/str.cyr
69e92cc4b67f1a936f94c92ce8a4c66673758b84dba385e96fbeaa46fa692b4c  lib/alloc_agnos.cyr
3008bc109e5f01143f8f496224e4cb4d3707d26ab477eee9ebd6690885794109  lib/async.cyr
1f96ccd5e7d46a49441aac6b00010b44b4470ef0319d5919f971bfe76effe0d1  lib/regression.cyr
6cd0930d2faf71c5f48835eca206b4d5b26bf7d81bced0b4f37a2a339fd075e3  lib/thread_agnos.cyr
03922b263b4a771d7104c6dcc30b4b029c6fe40ec93fec6a0ee38ec61f7e7dd8  lib/alloc_macos.cyr
8c308fcc81558fb6048b7786d3c2e747831e857ecfd88c91751bd3e662c9ca73  lib/regression_agnos.cyr
c7b3bf5beebddc082d4fa643a7113deaf26d0fd80dd5cd70ba0e3c21671107d0  lib/fs_win.cyr
27c9752b70e797b43d30204e5077749526144495ba7021b1272067f3236d81f9  lib/args_agnos.cyr
e77b2d5e3744c8f7f2e4bb69710df8888211ca9fb1947cf9408bbc0d66820cd7  lib/freelist.cyr
85b47b624946b1ea9bb5ed34814adc8fb726aad54a759aa7c1fcf92fed372f49  lib/ai-hwaccel.cyr
b204b05d2f0ee90477d5ca5bd22c339188719ef1eacb05ad6e65e092a1536572  lib/sync_macos.cyr
8ba9ff6c1372f7a46214dff3ed559265e453df3d6193f1e85a76b2416e6ba7a3  lib/sakshi.cyr
096eabc580c807f3e378fbe56058780a28cdf95b9c70b44672bca0a71cf969f6  lib/ct.cyr
eeadd5a7b29998c0039a6758687857689b20f83d3d16c74349a403dac39e71a4  lib/atomic.cyr
a90313240f49f1884f1bc0992daf4ee8538fe707c6998d04e163f775f4f3a1b2  lib/string.cyr
d86e95aa17266cf10d634825da8a1ce3e13a8b654fec8178c684297c52b14cb6  lib/process.cyr
a4851918dc5311e3f38982fcd92ab20c89617f002243ce0a9f2e59c9fd8ad6d2  lib/niyama.cyr
7328ec74c1b37e22094a0f22dbd2ecea4dce10700a6ba5122cf1d5bfff3a564e  lib/alloc.cyr
f6c8d190db04d77ea86c97b609174074d0d30c8fb4bbc011c810d13a0e906c82  lib/sigil.cyr
1025e198a611916281d089a04a446fd4baffca5dc5b90ca4c0364cccc2950695  lib/sandhi.cyr
0847964081b1998fa584e74c5ff2a27ad183fc8e251fb620fd1fcf6f2aa9e12e  lib/syscalls_x86_64_linux.cyr
8f3256a9ec144cf828390c0d21beb40414afd610c74bf9ade9588df99a0f61cd  lib/syscalls_x86_64_agnos.cyr
8b419c88a1b4ba8d0c45055c443d4e3488e1c73881fdb7512d2731dd49e087ec  lib/fmt.cyr
28adc0d018577a1c21b40e088991d5a76e6c4cc367346e00f7cab7f719a6f50b  lib/thread_macos.cyr
2606533fa73831ec89acfffe96a1a438b2adb21be6b5b70ca02e76b6a77c6dbb  lib/tls.cyr
09cf81bf4f10758da7967a5f6628b2feed53b0fb5e6e11cac0b273725465e6d8  lib/assert.cyr
c88c2ab7f87fdbf63d8e8cb12d43471e7863315f8053341f295b2237788e6d78  lib/args.cyr
1e09f1a0be78faffcee09838df04300309ba7ac4c7e3910fbe813df20aa5316f  lib/mihi.cyr
af3dc72c3e2d0f94ea4d4a6bdeb60963cd36e7849b7ccf06299bf5c616de7100  lib/sync_windows.cyr
0ceae7028f2dcb86b6dedfcd271b67324d6d0c83dd0b4d015fb22e1795b03ebe  lib/tls_native.cyr
d8a489543958b7e521fdc8c52e165ba2786bc1795358ae0c09a3799fe60d0c11  lib/chrono.cyr
dd083116c877c777f44f0d9e754dde477f6f42e99d5399fdc9e15ae4cf6fb06f  lib/tls_native_lowlevel.cyr
942c760a65fc50f61dfedac20eb5f4f2032b8a955e13450835acff775824b811  lib/syscalls.cyr
a535b59bebc85f9aef7ae4c3114858c6134b09cc9569e508160b95c4a8f7d421  lib/hashseed.cyr
00b5a4309c39031d6f81a0cd8048f499c2f461158b09b85fb7cbe1f6e284a0d6  lib/thread_local.cyr
7f09bdda201facfea22a870090584127af1cc1151a822dcf15aa737fe8329468  lib/tls_native_keysched.cyr
299c2c7e203b339a6b97d3ab88d15f3465d72bda018c61e6951819eabd7cc018  lib/alloc_windows.cyr
494bb8c5265955e80c87af63b79e4227cb989ad332337d0605ef66578cddf025  lib/thread_win.cyr
a012996dd8d3194c8fc65496f9e62f95e7f39eec2caa4f0b62fd7ce64ce9a042  lib/thread.cyr
f7b9d52f29de6d3d633962ccc765a76637091a7256eebc1da5547530eed2c44b  lib/args_win.cyr
03b00c6f58f54f690505d94bc6d173c0e4ec64e709288f43939fbc7f756847ce  lib/process_agnos.cyr
fbd27b904f311898c02bb4ed12ddb9426bd49c9e654c2d3d0bfea5e63d599df3  lib/syscalls_aarch64_linux.cyr
0236ac247d6b1bd862988661c6eadbc8b56476b473c2aa6fc28740767b9244f1  lib/bench.cyr
c5d8f2b517b8cf0f430f0d387910759e3456518c665285338cb2a7ffc16764d9  lib/sys.cyr
bbe05c67be5b0a80c255f58aa10328c81ee1ec4ed8bca5944aa4cd4072c53fb2  lib/ws.cyr
9bf0b927f4d092609b9cd3305e9e204fc370b024d20e386d9e0e0d99687c0f04  lib/async_agnos.cyr
543be460c6d2a9922e47f4dafb4fae981802f74827b935d4ec9dadb35870cb43  lib/keccak.cyr
21b573de672e2b7a2d281e3d3e071a1de884f5c8a78a752fa5585bf97b3b6a98  lib/http.cyr
e46a35925484d3afbfaaac02676f51adaab953608879158d52f1b997fb5920a8  lib/vec.cyr
2996315d6dbba8e79a0d3f4c23cc4fccc557c478d77c720d1b88b26ad43404de  lib/fs.cyr
82c346ceb97ac0d79da8771ec68632ac6135e8c1f4e1007bd1603fafda6f4e9a  lib/async_macos.cyr
335c52dc6a531ff34fef41d70ccc8e8394ac4365655b12c359f39741e0bfc2d0  lib/io.cyr
538956b325e8bffe612ff79bbda93cb1ad3078d78ecb1f0caf059deab11f1a9f  lib/sync.cyr
8e45d3b594e31609051e958acac2f84cc102e0cd2264b0cbfdeaae8aaffda557  lib/unicode/_casefold_data.cyr
1b25eed5cfb1555dd425644dccec378cf3ac80fe7874e35bdc30ca9edf01d35f  lib/unicode/casefold.cyr
29ae9b6a453bf7ed08c34c944c6ae6a58be99a4d35474c7d9a53ba57bc788388  lib/unicode/_normalize_data.cyr
ae2647702546f03f5fe1f4797ef735aafbf9981bb6294a075a31d308fd7e905c  lib/unicode/normalize.cyr
aeeba5627b78ffca6a34ebcbe318f50726a87d4f19713bf9ed070bbbec7ded74  lib/unicode/_decode.cyr
490ce31f13069637ada2eec85c16f1e5ef942160892f32c07b572286fa4f9912  lib/unicode/_categories_data.cyr
1091c0970c74fd47f63503b5dfbe0098a1b87048a8d43cc17cf51153839b2afe  lib/unicode/categories.cyr
724cb440922e89ff60c76eba23670eeee53b9d1f3ffdde31ebe2e2f9badda9ed  lib/slice.cyr
1ef92263d128e332a4a431c4d356770c5cbe0ffafa4c5a1327bd7a3117fc2ee7  lib/tls_native_hs12.cyr
8d4a4d1525f0fd94184290223042aec3cdd09504c6cb52ea0dd3319f16aa93fc  lib/hashmap.cyr
39ee5f438c5b693c8837eda3138a471aac8f0d10f8bdeb1aea2b737bf1f7937b  lib/fnptr.cyr
f0dc3ec12504ee2b36df0fd15338f8bead23b83edcf4c9a9bd1c5fbe780fc017  lib/darshana.cyr
93aaa29cd8aebcd0a7b4de1b13541d7ebca6dfd5caf104c03fecdf19560d2910  lib/syscalls_windows.cyr
79ca32e3a458700e60401cdda69bf4a10743b0086428449b3f65faa0a0ca48da  lib/tls_native_hs13.cyr
de4598e4862fdc8d02195688b9aacc91e888d5f6b85d9fac08f4b7af9daaca19  lib/random.cyr
f266862c2b50ded0c8c63af6a1d3c24a0845bfdf07e2165757f94c1f63a601e2  lib/tls_native_conn.cyr
a098b84c66fa51d4449c21a05ba6be06dd907f7bcc9c375843f4de0e160f5192  lib/syscalls_linux_common.cyr
cbfeb903459ab57393f1772daa5c369f1bf328c9588b7d2fc08116000fd11617  lib/process_win.cyr
99f96283da419ad9f01d076269411c3d5214b6007a92d1bbe2356ab906a5d1a1  lib/args_macos.cyr
bb432fe9a94d00a1e112db04730cf0e65d96b5a83d903977e3eb56956e6550c4  lib/tls_native_ctx.cyr
e81ec260060bcf752074964aecafb8c93bf4f9bcd5bb7b9777482fac428a60ab  lib/result.cyr
